{
  "name": "urgd-pulse-getrevisions",
  "version": "1.0.0",
  "lockfileVersion": 3,
  "requires": true,
  "packages": {
    "": {
      "name": "urgd-pulse-getrevisions",
      "version": "1.0.0",
      "dependencies": {
        "@aws-sdk/s3-request-presigner": "^3.0.0"
      }
    },
    "node_modules/@aws-sdk/core": {
      "version": "3.973.27",
      "resolved": "https://registry.npmjs.org/@aws-sdk/core/-/core-3.973.27.tgz",
      "integrity": "sha512-CUZ5m8hwMCH6OYI4Li/WgMfIEx10Q2PLI9Y3XOUTPGZJ53aZ0007jCv+X/ywsaERyKPdw5MRZWk877roQksQ4A==",
      "license": "Apache-2.0",
      "dependencies": {
        "@aws-sdk/types": "^3.973.7",
        "@aws-sdk/xml-builder": "^3.972.17",
        "@smithy/core": "^3.23.14",
        "@smithy/node-config-provider": "^4.3.13",
        "@smithy/property-provider": "^4.2.13",
        "@smithy/protocol-http": "^5.3.13",
        "@smithy/signature-v4": "^5.3.13",
        "@smithy/smithy-client": "^4.12.9",
        "@smithy/types": "^4.14.0",
        "@smithy/util-base64": "^4.3.2",
        "@smithy/util-middleware": "^4.2.13",
        "@smithy/util-utf8": "^4.2.2",
        "tslib": "^2.6.2"
      },
      "engines": {
        "node": ">=20.0.0"
      }
    },
    "node_modules/@aws-sdk/middleware-sdk-s3": {
      "version": "3.972.28",
      "resolved": "https://registry.npmjs.org/@aws-sdk/middleware-sdk-s3/-/middleware-sdk-s3-3.972.28.tgz",
      "integrity": "sha512-qJHcJQH9UNPUrnPlRtCozKjtqAaypQ5IgQxTNoPsVYIQeuwNIA8Rwt3NvGij1vCDYDfCmZaPLpnJEHlZXeFqmg==",
      "license": "Apache-2.0",
      "dependencies": {
        "@aws-sdk/core": "^3.973.27",
        "@aws-sdk/types": "^3.973.7",
        "@aws-sdk/util-arn-parser": "^3.972.3",
        "@smithy/core": "^3.23.14",
        "@smithy/node-config-provider": "^4.3.13",
        "@smithy/protocol-http": "^5.3.13",
        "@smithy/signature-v4": "^5.3.13",
        "@smithy/smithy-client": "^4.12.9",
        "@smithy/types": "^4.14.0",
        "@smithy/util-config-provider": "^4.2.2",
        "@smithy/util-middleware": "^4.2.13",
        "@smithy/util-stream": "^4.5.22",
        "@smithy/util-utf8": "^4.2.2",
        "tslib": "^2.6.2"
      },
      "engines": {
        "node": ">=20.0.0"
      }
    },
    "node_modules/@aws-sdk/s3-request-presigner": {
      "version": "3.1026.0",
      "resolved": "https://registry.npmjs.org/@aws-sdk/s3-request-presigner/-/s3-request-presigner-3.1026.0.tgz",
      "integrity": "sha512-PBVt/zb4YsJMcyB/HbGmID4RP00dTkdQGkNQiw1i6oXQ/U8hnPEI8+IvTKR4+5YEQ8Cq4QmtIV0mzv070L+oOg==",
      "license": "Apache-2.0",
      "dependencies": {
        "@aws-sdk/signature-v4-multi-region": "^3.996.16",
        "@aws-sdk/types": "^3.973.7",
        "@aws-sdk/util-format-url": "^3.972.9",
        "@smithy/middleware-endpoint": "^4.4.29",
        "@smithy/protocol-http": "^5.3.13",
        "@smithy/smithy-client": "^4.12.9",
        "@smithy/types": "^4.14.0",
        "tslib": "^2.6.2"
      },
      "engines": {
        "node": ">=20.0.0"
      }
    },
    "node_modules/@aws-sdk/signature-v4-multi-region": {
      "version": "3.996.16",
      "resolved": "https://registry.npmjs.org/@aws-sdk/signature-v4-multi-region/-/signature-v4-multi-region-3.996.16.tgz",
      "integrity": "sha512-EMdXYB4r/k5RWq86fugjRhid5JA+Z6MpS7n4sij4u5/C+STrkvuf9aFu41rJA9MjUzxCLzv8U2XL8cH2GSRYpQ==",
      "license": "Apache-2.0",
      "dependencies": {
        "@aws-sdk/middleware-sdk-s3": "^3.972.28",
        "@aws-sdk/types": "^3.973.7",
        "@smithy/protocol-http": "^5.3.13",
        "@smithy/signature-v4": "^5.3.13",
        "@smithy/types": "^4.14.0",
        "tslib": "^2.6.2"
      },
      "engines": {
        "node": ">=20.0.0"
      }
    },
    "node_modules/@aws-sdk/types": {
      "version": "3.973.7",
      "resolved": "https://registry.npmjs.org/@aws-sdk/types/-/types-3.973.7.tgz",
      "integrity": "sha512-reXRwoJ6CfChoqAsBszUYajAF8Z2LRE+CRcKocvFSMpIiLOtYU3aJ9trmn6VVPAzbbY5LXF+FfmUslbXk1SYFg==",
      "license": "Apache-2.0",
      "dependencies": {
        "@smithy/types": "^4.14.0",
        "tslib": "^2.6.2"
      },
      "engines": {
        "node": ">=20.0.0"
      }
    },
    "node_modules/@aws-sdk/util-arn-parser": {
      "version": "3.972.3",
      "resolved": "https://registry.npmjs.org/@aws-sdk/util-arn-parser/-/util-arn-parser-3.972.3.tgz",
      "integrity": "sha512-HzSD8PMFrvgi2Kserxuff5VitNq2sgf3w9qxmskKDiDTThWfVteJxuCS9JXiPIPtmCrp+7N9asfIaVhBFORllA==",
      "license": "Apache-2.0",
      "dependencies": {
        "tslib": "^2.6.2"
      },
      "engines": {
        "node": ">=20.0.0"
      }
    },
    "node_modules/@aws-sdk/util-format-url": {
      "version": "3.972.9",
      "resolved": "https://registry.npmjs.org/@aws-sdk/util-format-url/-/util-format-url-3.972.9.tgz",
      "integrity": "sha512-fNJXHrs0ZT7Wx0KGIqKv7zLxlDXt2vqjx9z6oKUQFmpE5o4xxnSryvVHfHpIifYHWKz94hFccIldJ0YSZjlCBw==",
      "license": "Apache-2.0",
      "dependencies": {
        "@aws-sdk/types": "^3.973.7",
        "@smithy/querystring-builder": "^4.2.13",
        "@smithy/types": "^4.14.0",
        "tslib": "^2.6.2"
      },
      "engines": {
        "node": ">=20.0.0"
      }
    },
    "node_modules/@aws-sdk/xml-builder": {
      "version": "3.972.17",
      "resolved": "https://registry.npmjs.org/@aws-sdk/xml-builder/-/xml-builder-3.972.17.tgz",
      "integrity": "sha512-Ra7hjqAZf1OXRRMueB13qex7mFJRDK/pgCvdSFemXBT8KCGnQDPoKzHY1SjN+TjJVmnpSF14W5tJ1vDamFu+Gg==",
      "license": "Apache-2.0",
      "dependencies": {
        "@smithy/types": "^4.14.0",
        "fast-xml-parser": "5.5.8",
        "tslib": "^2.6.2"
      },
      "engines": {
        "node": ">=20.0.0"
      }
    },
    "node_modules/@smithy/core": {
      "version": "3.23.14",
      "resolved": "https://registry.npmjs.org/@smithy/core/-/core-3.23.14.tgz",
      "integrity": "sha512-vJ0IhpZxZAkFYOegMKSrxw7ujhhT2pass/1UEcZ4kfl5srTAqtPU5I7MdYQoreVas3204ykCiNhY1o7Xlz6Yyg==",
      "license": "Apache-2.0",
      "dependencies": {
        "@smithy/protocol-http": "^5.3.13",
        "@smithy/types": "^4.14.0",
        "@smithy/url-parser": "^4.2.13",
        "@smithy/util-base64": "^4.3.2",
        "@smithy/util-body-length-browser": "^4.2.2",
        "@smithy/util-middleware": "^4.2.13",
        "@smithy/util-stream": "^4.5.22",
        "@smithy/util-utf8": "^4.2.2",
        "@smithy/uuid": "^1.1.2",
        "tslib": "^2.6.2"
      },
      "engines": {
        "node": ">=18.0.0"
      }
    },
    "node_modules/@smithy/fetch-http-handler": {
      "version": "5.3.16",
      "resolved": "https://registry.npmjs.org/@smithy/fetch-http-handler/-/fetch-http-handler-5.3.16.tgz",
      "integrity": "sha512-nYDRUIvNd4mFmuXraRWt6w5UsZTNqtj4hXJA/iiOD4tuseIdLP9Lq38teH/SZTcIFCa2f+27o7hYpIsWktJKEQ==",
      "license": "Apache-2.0",
      "dependencies": {
        "@smithy/protocol-http": "^5.3.13",
        "@smithy/querystring-builder": "^4.2.13",
        "@smithy/types": "^4.14.0",
        "@smithy/util-base64": "^4.3.2",
        "tslib": "^2.6.2"
      },
      "engines": {
        "node": ">=18.0.0"
      }
    },
    "node_modules/@smithy/is-array-buffer": {
      "version": "4.2.2",
      "resolved": "https://registry.npmjs.org/@smithy/is-array-buffer/-/is-array-buffer-4.2.2.tgz",
      "integrity": "sha512-n6rQ4N8Jj4YTQO3YFrlgZuwKodf4zUFs7EJIWH86pSCWBaAtAGBFfCM7Wx6D2bBJ2xqFNxGBSrUWswT3M0VJow==",
      "license": "Apache-2.0",
      "dependencies": {
        "tslib": "^2.6.2"
      },
      "engines": {
        "node": ">=18.0.0"
      }
    },
    "node_modules/@smithy/middleware-endpoint": {
      "version": "4.4.29",
      "resolved": "https://registry.npmjs.org/@smithy/middleware-endpoint/-/middleware-endpoint-4.4.29.tgz",
      "integrity": "sha512-R9Q/58U+qBiSARGWbAbFLczECg/RmysRksX6Q8BaQEpt75I7LI6WGDZnjuC9GXSGKljEbA7N118LhGaMbfrTXw==",
      "license": "Apache-2.0",
      "dependencies": {
        "@smithy/core": "^3.23.14",
        "@smithy/middleware-serde": "^4.2.17",
        "@smithy/node-config-provider": "^4.3.13",
        "@smithy/shared-ini-file-loader": "^4.4.8",
        "@smithy/types": "^4.14.0",
        "@smithy/url-parser": "^4.2.13",
        "@smithy/util-middleware": "^4.2.13",
        "tslib": "^2.6.2"
      },
      "engines": {
        "node": ">=18.0.0"
      }
    },
    "node_modules/@smithy/middleware-serde": {
      "version": "4.2.17",
      "resolved": "https://registry.npmjs.org/@smithy/middleware-serde/-/middleware-serde-4.2.17.tgz",
      "integrity": "sha512-0T2mcaM6v9W1xku86Dk0bEW7aEseG6KenFkPK98XNw0ZhOqOiD1MrMsdnQw9QsL3/Oa85T53iSMlm0SZdSuIEQ==",
      "license": "Apache-2.0",
      "dependencies": {
        "@smithy/core": "^3.23.14",
        "@smithy/protocol-http": "^5.3.13",
        "@smithy/types": "^4.14.0",
        "tslib": "^2.6.2"
      },
      "engines": {
        "node": ">=18.0.0"
      }
    },
    "node_modules/@smithy/middleware-stack": {
      "version": "4.2.13",
      "resolved": "https://registry.npmjs.org/@smithy/middleware-stack/-/middleware-stack-4.2.13.tgz",
      "integrity": "sha512-g72jN/sGDLyTanrCLH9fhg3oysO3f7tQa6eWWsMyn2BiYNCgjF24n4/I9wff/5XidFvjj9ilipAoQrurTUrLvw==",
      "license": "Apache-2.0",
      "dependencies": {
        "@smithy/types": "^4.14.0",
        "tslib": "^2.6.2"
      },
      "engines": {
        "node": ">=18.0.0"
      }
    },
    "node_modules/@smithy/node-config-provider": {
      "version": "4.3.13",
      "resolved": "https://registry.npmjs.org/@smithy/node-config-provider/-/node-config-provider-4.3.13.tgz",
      "integrity": "sha512-iGxQ04DsKXLckbgnX4ipElrOTk+IHgTyu0q0WssZfYhDm9CQWHmu6cOeI5wmWRxpXbBDhIIfXMWz5tPEtcVqbw==",
      "license": "Apache-2.0",
      "dependencies": {
        "@smithy/property-provider": "^4.2.13",
        "@smithy/shared-ini-file-loader": "^4.4.8",
        "@smithy/types": "^4.14.0",
        "tslib": "^2.6.2"
      },
      "engines": {
        "node": ">=18.0.0"
      }
    },
    "node_modules/@smithy/node-http-handler": {
      "version": "4.5.2",
      "resolved": "https://registry.npmjs.org/@smithy/node-http-handler/-/node-http-handler-4.5.2.tgz",
      "integrity": "sha512-/oD7u8M0oj2ZTFw7GkuuHWpIxtWdLlnyNkbrWcyVYhd5RJNDuczdkb0wfnQICyNFrVPlr8YHOhamjNy3zidhmA==",
      "license": "Apache-2.0",
      "dependencies": {
        "@smithy/protocol-http": "^5.3.13",
        "@smithy/querystring-builder": "^4.2.13",
        "@smithy/types": "^4.14.0",
        "tslib": "^2.6.2"
      },
      "engines": {
        "node": ">=18.0.0"
      }
    },
    "node_modules/@smithy/property-provider": {
      "version": "4.2.13",
      "resolved": "https://registry.npmjs.org/@smithy/property-provider/-/property-provider-4.2.13.tgz",
      "integrity": "sha512-bGzUCthxRmezuxkbu9wD33wWg9KX3hJpCXpQ93vVkPrHn9ZW6KNNdY5xAUWNuRCwQ+VyboFuWirG1lZhhkcyRQ==",
      "license": "Apache-2.0",
      "dependencies": {
        "@smithy/types": "^4.14.0",
        "tslib": "^2.6.2"
      },
      "engines": {
        "node": ">=18.0.0"
      }
    },
    "node_modules/@smithy/protocol-http": {
      "version": "5.3.13",
      "resolved": "https://registry.npmjs.org/@smithy/protocol-http/-/protocol-http-5.3.13.tgz",
      "integrity": "sha512-+HsmuJUF4u8POo6s8/a2Yb/AQ5t/YgLovCuHF9oxbocqv+SZ6gd8lC2duBFiCA/vFHoHQhoq7QjqJqZC6xOxxg==",
      "license": "Apache-2.0",
      "dependencies": {
        "@smithy/types": "^4.14.0",
        "tslib": "^2.6.2"
      },
      "engines": {
        "node": ">=18.0.0"
      }
    },
    "node_modules/@smithy/querystring-builder": {
      "version": "4.2.13",
      "resolved": "https://registry.npmjs.org/@smithy/querystring-builder/-/querystring-builder-4.2.13.tgz",
      "integrity": "sha512-tG4aOYFCZdPMjbgfhnIQ322H//ojujldp1SrHPHpBSb3NqgUp3dwiUGRJzie87hS1DYwWGqDuPaowoDF+rYCbQ==",
      "license": "Apache-2.0",
      "dependencies": {
        "@smithy/types": "^4.14.0",
        "@smithy/util-uri-escape": "^4.2.2",
        "tslib": "^2.6.2"
      },
      "engines": {
        "node": ">=18.0.0"
      }
    },
    "node_modules/@smithy/querystring-parser": {
      "version": "4.2.13",
      "resolved": "https://registry.npmjs.org/@smithy/querystring-parser/-/querystring-parser-4.2.13.tgz",
      "integrity": "sha512-hqW3Q4P+CDzUyQ87GrboGMeD7XYNMOF+CuTwu936UQRB/zeYn3jys8C3w+wMkDfY7CyyyVwZQ5cNFoG0x1pYmA==",
      "license": "Apache-2.0",
      "dependencies": {
        "@smithy/types": "^4.14.0",
        "tslib": "^2.6.2"
      },
      "engines": {
        "node": ">=18.0.0"
      }
    },
    "node_modules/@smithy/shared-ini-file-loader": {
      "version": "4.4.8",
      "resolved": "https://registry.npmjs.org/@smithy/shared-ini-file-loader/-/shared-ini-file-loader-4.4.8.tgz",
      "integrity": "sha512-VZCZx2bZasxdqxVgEAhREvDSlkatTPnkdWy1+Kiy8w7kYPBosW0V5IeDwzDUMvWBt56zpK658rx1cOBFOYaPaw==",
      "license": "Apache-2.0",
      "dependencies": {
        "@smithy/types": "^4.14.0",
        "tslib": "^2.6.2"
      },
      "engines": {
        "node": ">=18.0.0"
      }
    },
    "node_modules/@smithy/signature-v4": {
      "version": "5.3.13",
      "resolved": "https://registry.npmjs.org/@smithy/signature-v4/-/signature-v4-5.3.13.tgz",
      "integrity": "sha512-YpYSyM0vMDwKbHD/JA7bVOF6kToVRpa+FM5ateEVRpsTNu564g1muBlkTubXhSKKYXInhpADF46FPyrZcTLpXg==",
      "license": "Apache-2.0",
      "dependencies": {
        "@smithy/is-array-buffer": "^4.2.2",
        "@smithy/protocol-http": "^5.3.13",
        "@smithy/types": "^4.14.0",
        "@smithy/util-hex-encoding": "^4.2.2",
        "@smithy/util-middleware": "^4.2.13",
        "@smithy/util-uri-escape": "^4.2.2",
        "@smithy/util-utf8": "^4.2.2",
        "tslib": "^2.6.2"
      },
      "engines": {
        "node": ">=18.0.0"
      }
    },
    "node_modules/@smithy/smithy-client": {
      "version": "4.12.9",
      "resolved": "https://registry.npmjs.org/@smithy/smithy-client/-/smithy-client-4.12.9.tgz",
      "integrity": "sha512-ovaLEcTU5olSeHcRXcxV6viaKtpkHZumn6Ps0yn7dRf2rRSfy794vpjOtrWDO0d1auDSvAqxO+lyhERSXQ03EQ==",
      "license": "Apache-2.0",
      "dependencies": {
        "@smithy/core": "^3.23.14",
        "@smithy/middleware-endpoint": "^4.4.29",
        "@smithy/middleware-stack": "^4.2.13",
        "@smithy/protocol-http": "^5.3.13",
        "@smithy/types": "^4.14.0",
        "@smithy/util-stream": "^4.5.22",
        "tslib": "^2.6.2"
      },
      "engines": {
        "node": ">=18.0.0"
      }
    },
    "node_modules/@smithy/types": {
      "version": "4.14.0",
      "resolved": "https://registry.npmjs.org/@smithy/types/-/types-4.14.0.tgz",
      "integrity": "sha512-OWgntFLW88kx2qvf/c/67Vno1yuXm/f9M7QFAtVkkO29IJXGBIg0ycEaBTH0kvCtwmvZxRujrgP5a86RvsXJAQ==",
      "license": "Apache-2.0",
      "dependencies": {
        "tslib": "^2.6.2"
      },
      "engines": {
        "node": ">=18.0.0"
      }
    },
    "node_modules/@smithy/url-parser": {
      "version": "4.2.13",
      "resolved": "https://registry.npmjs.org/@smithy/url-parser/-/url-parser-4.2.13.tgz",
      "integrity": "sha512-2G03yoboIRZlZze2+PT4GZEjgwQsJjUgn6iTsvxA02bVceHR6vp4Cuk7TUnPFWKF+ffNUk3kj4COwkENS2K3vw==",
      "license": "Apache-2.0",
      "dependencies": {
        "@smithy/querystring-parser": "^4.2.13",
        "@smithy/types": "^4.14.0",
        "tslib": "^2.6.2"
      },
      "engines": {
        "node": ">=18.0.0"
      }
    },
    "node_modules/@smithy/util-base64": {
      "version": "4.3.2",
      "resolved": "https://registry.npmjs.org/@smithy/util-base64/-/util-base64-4.3.2.tgz",
      "integrity": "sha512-XRH6b0H/5A3SgblmMa5ErXQ2XKhfbQB+Fm/oyLZ2O2kCUrwgg55bU0RekmzAhuwOjA9qdN5VU2BprOvGGUkOOQ==",
      "license": "Apache-2.0",
      "dependencies": {
        "@smithy/util-buffer-from": "^4.2.2",
        "@smithy/util-utf8": "^4.2.2",
        "tslib": "^2.6.2"
      },
      "engines": {
        "node": ">=18.0.0"
      }
    },
    "node_modules/@smithy/util-body-length-browser": {
      "version": "4.2.2",
      "resolved": "https://registry.npmjs.org/@smithy/util-body-length-browser/-/util-body-length-browser-4.2.2.tgz",
      "integrity": "sha512-JKCrLNOup3OOgmzeaKQwi4ZCTWlYR5H4Gm1r2uTMVBXoemo1UEghk5vtMi1xSu2ymgKVGW631e2fp9/R610ZjQ==",
      "license": "Apache-2.0",
      "dependencies": {
        "tslib": "^2.6.2"
      },
      "engines": {
        "node": ">=18.0.0"
      }
    },
    "node_modules/@smithy/util-buffer-from": {
      "version": "4.2.2",
      "resolved": "https://registry.npmjs.org/@smithy/util-buffer-from/-/util-buffer-from-4.2.2.tgz",
      "integrity": "sha512-FDXD7cvUoFWwN6vtQfEta540Y/YBe5JneK3SoZg9bThSoOAC/eGeYEua6RkBgKjGa/sz6Y+DuBZj3+YEY21y4Q==",
      "license": "Apache-2.0",
      "dependencies": {
        "@smithy/is-array-buffer": "^4.2.2",
        "tslib": "^2.6.2"
      },
      "engines": {
        "node": ">=18.0.0"
      }
    },
    "node_modules/@smithy/util-config-provider": {
      "version": "4.2.2",
      "resolved": "https://registry.npmjs.org/@smithy/util-config-provider/-/util-config-provider-4.2.2.tgz",
      "integrity": "sha512-dWU03V3XUprJwaUIFVv4iOnS1FC9HnMHDfUrlNDSh4315v0cWyaIErP8KiqGVbf5z+JupoVpNM7ZB3jFiTejvQ==",
      "license": "Apache-2.0",
      "dependencies": {
        "tslib": "^2.6.2"
      },
      "engines": {
        "node": ">=18.0.0"
      }
    },
    "node_modules/@smithy/util-hex-encoding": {
      "version": "4.2.2",
      "resolved": "https://registry.npmjs.org/@smithy/util-hex-encoding/-/util-hex-encoding-4.2.2.tgz",
      "integrity": "sha512-Qcz3W5vuHK4sLQdyT93k/rfrUwdJ8/HZ+nMUOyGdpeGA1Wxt65zYwi3oEl9kOM+RswvYq90fzkNDahPS8K0OIg==",
      "license": "Apache-2.0",
      "dependencies": {
        "tslib": "^2.6.2"
      },
      "engines": {
        "node": ">=18.0.0"
      }
    },
    "node_modules/@smithy/util-middleware": {
      "version": "4.2.13",
      "resolved": "https://registry.npmjs.org/@smithy/util-middleware/-/util-middleware-4.2.13.tgz",
      "integrity": "sha512-GTooyrlmRTqvUen4eK7/K1p6kryF7bnDfq6XsAbIsf2mo51B/utaH+XThY6dKgNCWzMAaH/+OLmqaBuLhLWRow==",
      "license": "Apache-2.0",
      "dependencies": {
        "@smithy/types": "^4.14.0",
        "tslib": "^2.6.2"
      },
      "engines": {
        "node": ">=18.0.0"
      }
    },
    "node_modules/@smithy/util-stream": {
      "version": "4.5.22",
      "resolved": "https://registry.npmjs.org/@smithy/util-stream/-/util-stream-4.5.22.tgz",
      "integrity": "sha512-3H8iq/0BfQjUs2/4fbHZ9aG9yNzcuZs24LPkcX1Q7Z+qpqaGM8+qbGmE8zo9m2nCRgamyvS98cHdcWvR6YUsew==",
      "license": "Apache-2.0",
      "dependencies": {
        "@smithy/fetch-http-handler": "^5.3.16",
        "@smithy/node-http-handler": "^4.5.2",
        "@smithy/types": "^4.14.0",
        "@smithy/util-base64": "^4.3.2",
        "@smithy/util-buffer-from": "^4.2.2",
        "@smithy/util-hex-encoding": "^4.2.2",
        "@smithy/util-utf8": "^4.2.2",
        "tslib": "^2.6.2"
      },
      "engines": {
        "node": ">=18.0.0"
      }
    },
    "node_modules/@smithy/util-uri-escape": {
      "version": "4.2.2",
      "resolved": "https://registry.npmjs.org/@smithy/util-uri-escape/-/util-uri-escape-4.2.2.tgz",
      "integrity": "sha512-2kAStBlvq+lTXHyAZYfJRb/DfS3rsinLiwb+69SstC9Vb0s9vNWkRwpnj918Pfi85mzi42sOqdV72OLxWAISnw==",
      "license": "Apache-2.0",
      "dependencies": {
        "tslib": "^2.6.2"
      },
      "engines": {
        "node": ">=18.0.0"
      }
    },
    "node_modules/@smithy/util-utf8": {
      "version": "4.2.2",
      "resolved": "https://registry.npmjs.org/@smithy/util-utf8/-/util-utf8-4.2.2.tgz",
      "integrity": "sha512-75MeYpjdWRe8M5E3AW0O4Cx3UadweS+cwdXjwYGBW5h/gxxnbeZ877sLPX/ZJA9GVTlL/qG0dXP29JWFCD1Ayw==",
      "license": "Apache-2.0",
      "dependencies": {
        "@smithy/util-buffer-from": "^4.2.2",
        "tslib": "^2.6.2"
      },
      "engines": {
        "node": ">=18.0.0"
      }
    },
    "node_modules/@smithy/uuid": {
      "version": "1.1.2",
      "resolved": "https://registry.npmjs.org/@smithy/uuid/-/uuid-1.1.2.tgz",
      "integrity": "sha512-O/IEdcCUKkubz60tFbGA7ceITTAJsty+lBjNoorP4Z6XRqaFb/OjQjZODophEcuq68nKm6/0r+6/lLQ+XVpk8g==",
      "license": "Apache-2.0",
      "dependencies": {
        "tslib": "^2.6.2"
      },
      "engines": {
        "node": ">=18.0.0"
      }
    },
    "node_modules/fast-xml-builder": {
      "version": "1.1.4",
      "resolved": "https://registry.npmjs.org/fast-xml-builder/-/fast-xml-builder-1.1.4.tgz",
      "integrity": "sha512-f2jhpN4Eccy0/Uz9csxh3Nu6q4ErKxf0XIsasomfOihuSUa3/xw6w8dnOtCDgEItQFJG8KyXPzQXzcODDrrbOg==",
      "funding": [
        {
          "type": "github",
          "url": "https://github.com/sponsors/NaturalIntelligence"
        }
      ],
      "license": "MIT",
      "dependencies": {
        "path-expression-matcher": "^1.1.3"
      }
    },
    "node_modules/fast-xml-parser": {
      "version": "5.5.8",
      "resolved": "https://registry.npmjs.org/fast-xml-parser/-/fast-xml-parser-5.5.8.tgz",
      "integrity": "sha512-Z7Fh2nVQSb2d+poDViM063ix2ZGt9jmY1nWhPfHBOK2Hgnb/OW3P4Et3P/81SEej0J7QbWtJqxO05h8QYfK7LQ==",
      "funding": [
        {
          "type": "github",
          "url": "https://github.com/sponsors/NaturalIntelligence"
        }
      ],
      "license": "MIT",
      "dependencies": {
        "fast-xml-builder": "^1.1.4",
        "path-expression-matcher": "^1.2.0",
        "strnum": "^2.2.0"
      },
      "bin": {
        "fxparser": "src/cli/cli.js"
      }
    },
    "node_modules/path-expression-matcher": {
      "version": "1.4.0",
      "resolved": "https://registry.npmjs.org/path-expression-matcher/-/path-expression-matcher-1.4.0.tgz",
      "integrity": "sha512-s4DQMxIdhj3jLFWd9LxHOplj4p9yQ4ffMGowFf3cpEgrrJjEhN0V5nxw4Ye1EViAGDoL4/1AeO6qHpqYPOzE4Q==",
      "funding": [
        {
          "type": "github",
          "url": "https://github.com/sponsors/NaturalIntelligence"
        }
      ],
      "license": "MIT",
      "engines": {
        "node": ">=14.0.0"
      }
    },
    "node_modules/strnum": {
      "version": "2.2.3",
      "resolved": "https://registry.npmjs.org/strnum/-/strnum-2.2.3.tgz",
      "integrity": "sha512-oKx6RUCuHfT3oyVjtnrmn19H1SiCqgJSg+54XqURKp5aCMbrXrhLjRN9TjuwMjiYstZ0MzDrHqkGZ5dFTKd+zg==",
      "funding": [
        {
          "type": "github",
          "url": "https://github.com/sponsors/NaturalIntelligence"
        }
      ],
      "license": "MIT"
    },
    "node_modules/tslib": {
      "version": "2.8.1",
      "resolved": "https://registry.npmjs.org/tslib/-/tslib-2.8.1.tgz",
      "integrity": "sha512-oJFu94HQb+KVduSUQL7wnpmqnfmLsOA/nAh6b6EH0wCEoK0/mPeXU6c3wKDV83MkOuHPRHtSXKKU99IBazS/2w==",
      "license": "0BSD"
    }
  }
}
